// !$*UTF8*$!
{
	archiveVersion = 1;
	classes = {
	};
	objectVersion = 50;
	objects = {

/* Begin PBXBuildFile section */
		3391B0E826F8A035006CF7C2 /* LandMarksTests.swift in Sources */ = {isa = PBXBuildFile; fileRef = 3391B0E726F8A035006CF7C2 /* LandMarksTests.swift */; };
		3391B0F326F8A035006CF7C2 /* LandMarksUITests.swift in Sources */ = {isa = PBXBuildFile; fileRef = 3391B0F226F8A035006CF7C2 /* LandMarksUITests.swift */; };
		339234AA26FE3BAD0093222E /* HikeView.swift in Sources */ = {isa = PBXBuildFile; fileRef = 33A245A226FE02210019D220 /* HikeView.swift */; };
		339234B026FE3C280093222E /* LandMarksApp.swift in Sources */ = {isa = PBXBuildFile; fileRef = 33A2453626FDFD6F0019D220 /* LandMarksApp.swift */; };
		339234B126FE3C2C0093222E /* Assets.xcassets in Resources */ = {isa = PBXBuildFile; fileRef = 33A2456F26FDFE250019D220 /* Assets.xcassets */; };
		339234B226FE3C300093222E /* HikeDetail.swift in Sources */ = {isa = PBXBuildFile; fileRef = 33A2459B26FE02080019D220 /* HikeDetail.swift */; };
		339234B326FE3C330093222E /* HikeGraph.swift in Sources */ = {isa = PBXBuildFile; fileRef = 33A245A126FE021E0019D220 /* HikeGraph.swift */; };
		339234B426FE3C380093222E /* GraphCapsule.swift in Sources */ = {isa = PBXBuildFile; fileRef = 33A2459926FE01FD0019D220 /* GraphCapsule.swift */; };
		339234B626FE3C410093222E /* LandmarkRow.swift in Sources */ = {isa = PBXBuildFile; fileRef = 33A245A626FE027E0019D220 /* LandmarkRow.swift */; };
		339234B726FE3C440093222E /* LandmarkList.swift in Sources */ = {isa = PBXBuildFile; fileRef = 33A245A526FE02790019D220 /* LandmarkList.swift */; };
		339234B826FE3C470093222E /* Landmark.swift in Sources */ = {isa = PBXBuildFile; fileRef = 33A245A926FE02A90019D220 /* Landmark.swift */; };
		339234B926FE3C4B0093222E /* Data.swift in Sources */ = {isa = PBXBuildFile; fileRef = 33A245A826FE02A10019D220 /* Data.swift */; };
		339234BA26FE3C4E0093222E /* Hike.swift in Sources */ = {isa = PBXBuildFile; fileRef = 33A2459E26FE02110019D220 /* Hike.swift */; };
		339234BB26FE3C510093222E /* UserData.swift in Sources */ = {isa = PBXBuildFile; fileRef = 33A245AA26FE02B30019D220 /* UserData.swift */; };
		339234BC26FE3C560093222E /* CategoryHome.swift in Sources */ = {isa = PBXBuildFile; fileRef = 33A245AF26FE05FA0019D220 /* CategoryHome.swift */; };
		339234BD26FEF5F90093222E /* MapView.swift in Sources */ = {isa = PBXBuildFile; fileRef = 33A2459726FE01E40019D220 /* MapView.swift */; };
		339234D826FEF64F0093222E /* CircleImage.swift in Sources */ = {isa = PBXBuildFile; fileRef = 33A2459626FE01D60019D220 /* CircleImage.swift */; };
		33A2457126FDFE250019D220 /* Assets.xcassets in Resources */ = {isa = PBXBuildFile; fileRef = 33A2456F26FDFE250019D220 /* Assets.xcassets */; };
		33FE617C26FEFE22000A785D /* LandmarkDetail.swift in Sources */ = {isa = PBXBuildFile; fileRef = 33A245A426FE02730019D220 /* LandmarkDetail.swift */; };
		33FE617E26FEFF72000A785D /* Badge.swift in Sources */ = {isa = PBXBuildFile; fileRef = 33FE617D26FEFF72000A785D /* Badge.swift */; };
		33FE618326FEFF7C000A785D /* HexagonParameters.swift in Sources */ = {isa = PBXBuildFile; fileRef = 33FE617F26FEFF7C000A785D /* HexagonParameters.swift */; };
		33FE618426FEFF7C000A785D /* BadgeBackground.swift in Sources */ = {isa = PBXBuildFile; fileRef = 33FE618026FEFF7C000A785D /* BadgeBackground.swift */; };
		33FE618526FEFF7C000A785D /* RotatedBadgeSymbol.swift in Sources */ = {isa = PBXBuildFile; fileRef = 33FE618126FEFF7C000A785D /* RotatedBadgeSymbol.swift */; };
		33FE618626FEFF7C000A785D /* BadgeSymbol.swift in Sources */ = {isa = PBXBuildFile; fileRef = 33FE618226FEFF7C000A785D /* BadgeSymbol.swift */; };
		33FE618826FF14F0000A785D /* CategoryRow.swift in Sources */ = {isa = PBXBuildFile; fileRef = 33FE618726FF14F0000A785D /* CategoryRow.swift */; };
		33FE618A26FF15F0000A785D /* CateforyItem.swift in Sources */ = {isa = PBXBuildFile; fileRef = 33FE618926FF15F0000A785D /* CateforyItem.swift */; };
		33FE618C26FF1826000A785D /* ContentView.swift in Sources */ = {isa = PBXBuildFile; fileRef = 33FE618B26FF1826000A785D /* ContentView.swift */; };
		33FE619C26FF1E69000A785D /* charleyrivers.jpg in Resources */ = {isa = PBXBuildFile; fileRef = 33FE618E26FF1E69000A785D /* charleyrivers.jpg */; };
		33FE619D26FF1E69000A785D /* turtlerock.jpg in Resources */ = {isa = PBXBuildFile; fileRef = 33FE618F26FF1E69000A785D /* turtlerock.jpg */; };
		33FE619E26FF1E69000A785D /* silversalmoncreek.jpg in Resources */ = {isa = PBXBuildFile; fileRef = 33FE619026FF1E69000A785D /* silversalmoncreek.jpg */; };
		33FE619F26FF1E69000A785D /* hikeData.json in Resources */ = {isa = PBXBuildFile; fileRef = 33FE619126FF1E69000A785D /* hikeData.json */; };
		33FE61A026FF1E69000A785D /* icybay.jpg in Resources */ = {isa = PBXBuildFile; fileRef = 33FE619226FF1E69000A785D /* icybay.jpg */; };
		33FE61A126FF1E69000A785D /* lakemcdonald.jpg in Resources */ = {isa = PBXBuildFile; fileRef = 33FE619326FF1E69000A785D /* lakemcdonald.jpg */; };
		33FE61A226FF1E69000A785D /* hiddenlake.jpg in Resources */ = {isa = PBXBuildFile; fileRef = 33FE619426FF1E69000A785D /* hiddenlake.jpg */; };
		33FE61A326FF1E69000A785D /* twinlake.jpg in Resources */ = {isa = PBXBuildFile; fileRef = 33FE619526FF1E69000A785D /* twinlake.jpg */; };
		33FE61A426FF1E69000A785D /* umbagog.jpg in Resources */ = {isa = PBXBuildFile; fileRef = 33FE619626FF1E69000A785D /* umbagog.jpg */; };
		33FE61A526FF1E69000A785D /* landmarkData.json in Resources */ = {isa = PBXBuildFile; fileRef = 33FE619726FF1E69000A785D /* landmarkData.json */; };
		33FE61A626FF1E69000A785D /* chincoteague.jpg in Resources */ = {isa = PBXBuildFile; fileRef = 33FE619826FF1E69000A785D /* chincoteague.jpg */; };
		33FE61A726FF1E69000A785D /* stmarylake.jpg in Resources */ = {isa = PBXBuildFile; fileRef = 33FE619926FF1E69000A785D /* stmarylake.jpg */; };
		33FE61A826FF1E69000A785D /* chilkoottrail.jpg in Resources */ = {isa = PBXBuildFile; fileRef = 33FE619A26FF1E69000A785D /* chilkoottrail.jpg */; };
		33FE61A926FF1E69000A785D /* rainbowlake.jpg in Resources */ = {isa = PBXBuildFile; fileRef = 33FE619B26FF1E69000A785D /* rainbowlake.jpg */; };
		33FE61AC26FF1F38000A785D /* Profile.swift in Sources */ = {isa = PBXBuildFile; fileRef = 33FE61AB26FF1F38000A785D /* Profile.swift */; };
		33FE61AE26FF1F7F000A785D /* ProfileHost.swift in Sources */ = {isa = PBXBuildFile; fileRef = 33FE61AD26FF1F7F000A785D /* ProfileHost.swift */; };
		33FE61B026FF1FBF000A785D /* ProfileSummary.swift in Sources */ = {isa = PBXBuildFile; fileRef = 33FE61AF26FF1FBF000A785D /* ProfileSummary.swift */; };
		33FE61B226FF2014000A785D /* HikeBadge.swift in Sources */ = {isa = PBXBuildFile; fileRef = 33FE61B126FF2014000A785D /* HikeBadge.swift */; };
		33FE61B426FF22A9000A785D /* ProfileEditor.swift in Sources */ = {isa = PBXBuildFile; fileRef = 33FE61B326FF22A9000A785D /* ProfileEditor.swift */; };
		33FE61B626FF262F000A785D /* PageViewController.swift in Sources */ = {isa = PBXBuildFile; fileRef = 33FE61B526FF262F000A785D /* PageViewController.swift */; };
		33FE61B926FF27D8000A785D /* FeatureCard.swift in Sources */ = {isa = PBXBuildFile; fileRef = 33FE61B826FF27D8000A785D /* FeatureCard.swift */; };
		33FE61BB26FF2817000A785D /* PageView.swift in Sources */ = {isa = PBXBuildFile; fileRef = 33FE61BA26FF2817000A785D /* PageView.swift */; };
		33FE61BD26FF4C90000A785D /* PageControl.swift in Sources */ = {isa = PBXBuildFile; fileRef = 33FE61BC26FF4C90000A785D /* PageControl.swift */; };
/* End PBXBuildFile section */

/* Begin PBXContainerItemProxy section */
		3391B0E426F8A035006CF7C2 /* PBXContainerItemProxy */ = {
			isa = PBXContainerItemProxy;
			containerPortal = 3391B0CA26F8A02B006CF7C2 /* Project object */;
			proxyType = 1;
			remoteGlobalIDString = 3391B0D126F8A02B006CF7C2;
			remoteInfo = LandMarks;
		};
		3391B0EF26F8A035006CF7C2 /* PBXContainerItemProxy */ = {
			isa = PBXContainerItemProxy;
			containerPortal = 3391B0CA26F8A02B006CF7C2 /* Project object */;
			proxyType = 1;
			remoteGlobalIDString = 3391B0D126F8A02B006CF7C2;
			remoteInfo = LandMarks;
		};
/* End PBXContainerItemProxy section */

/* Begin PBXFileReference section */
		3391B0D226F8A02B006CF7C2 /* LandMarks.app */ = {isa = PBXFileReference; explicitFileType = wrapper.application; includeInIndex = 0; path = LandMarks.app; sourceTree = BUILT_PRODUCTS_DIR; };
		3391B0E326F8A035006CF7C2 /* LandMarksTests.xctest */ = {isa = PBXFileReference; explicitFileType = wrapper.cfbundle; includeInIndex = 0; path = LandMarksTests.xctest; sourceTree = BUILT_PRODUCTS_DIR; };
		3391B0E726F8A035006CF7C2 /* LandMarksTests.swift */ = {isa = PBXFileReference; lastKnownFileType = sourcecode.swift; path = LandMarksTests.swift; sourceTree = "<group>"; };
		3391B0E926F8A035006CF7C2 /* Info.plist */ = {isa = PBXFileReference; lastKnownFileType = text.plist.xml; path = Info.plist; sourceTree = "<group>"; };
		3391B0EE26F8A035006CF7C2 /* LandMarksUITests.xctest */ = {isa = PBXFileReference; explicitFileType = wrapper.cfbundle; includeInIndex = 0; path = LandMarksUITests.xctest; sourceTree = BUILT_PRODUCTS_DIR; };
		3391B0F226F8A035006CF7C2 /* LandMarksUITests.swift */ = {isa = PBXFileReference; lastKnownFileType = sourcecode.swift; path = LandMarksUITests.swift; sourceTree = "<group>"; };
		3391B0F426F8A035006CF7C2 /* Info.plist */ = {isa = PBXFileReference; lastKnownFileType = text.plist.xml; path = Info.plist; sourceTree = "<group>"; };
		33A2453626FDFD6F0019D220 /* LandMarksApp.swift */ = {isa = PBXFileReference; fileEncoding = 4; lastKnownFileType = sourcecode.swift; name = LandMarksApp.swift; path = ../../../.Trash/LandMarksApp.swift; sourceTree = "<group>"; };
		33A2456F26FDFE250019D220 /* Assets.xcassets */ = {isa = PBXFileReference; lastKnownFileType = folder.assetcatalog; name = Assets.xcassets; path = ../../../.Trash/Assets.xcassets; sourceTree = "<group>"; };
		33A2459626FE01D60019D220 /* CircleImage.swift */ = {isa = PBXFileReference; lastKnownFileType = sourcecode.swift; path = CircleImage.swift; sourceTree = "<group>"; };
		33A2459726FE01E40019D220 /* MapView.swift */ = {isa = PBXFileReference; lastKnownFileType = sourcecode.swift; path = MapView.swift; sourceTree = "<group>"; };
		33A2459926FE01FD0019D220 /* GraphCapsule.swift */ = {isa = PBXFileReference; lastKnownFileType = sourcecode.swift; path = GraphCapsule.swift; sourceTree = "<group>"; };
		33A2459B26FE02080019D220 /* HikeDetail.swift */ = {isa = PBXFileReference; lastKnownFileType = sourcecode.swift; path = HikeDetail.swift; sourceTree = "<group>"; };
		33A2459E26FE02110019D220 /* Hike.swift */ = {isa = PBXFileReference; lastKnownFileType = sourcecode.swift; path = Hike.swift; sourceTree = "<group>"; };
		33A245A126FE021E0019D220 /* HikeGraph.swift */ = {isa = PBXFileReference; lastKnownFileType = sourcecode.swift; path = HikeGraph.swift; sourceTree = "<group>"; };
		33A245A226FE02210019D220 /* HikeView.swift */ = {isa = PBXFileReference; lastKnownFileType = sourcecode.swift; path = HikeView.swift; sourceTree = "<group>"; };
		33A245A426FE02730019D220 /* LandmarkDetail.swift */ = {isa = PBXFileReference; lastKnownFileType = sourcecode.swift; path = LandmarkDetail.swift; sourceTree = "<group>"; };
		33A245A526FE02790019D220 /* LandmarkList.swift */ = {isa = PBXFileReference; lastKnownFileType = sourcecode.swift; path = LandmarkList.swift; sourceTree = "<group>"; };
		33A245A626FE027E0019D220 /* LandmarkRow.swift */ = {isa = PBXFileReference; lastKnownFileType = sourcecode.swift; path = LandmarkRow.swift; sourceTree = "<group>"; };
		33A245A826FE02A10019D220 /* Data.swift */ = {isa = PBXFileReference; lastKnownFileType = sourcecode.swift; path = Data.swift; sourceTree = "<group>"; };
		33A245A926FE02A90019D220 /* Landmark.swift */ = {isa = PBXFileReference; lastKnownFileType = sourcecode.swift; path = Landmark.swift; sourceTree = "<group>"; };
		33A245AA26FE02B30019D220 /* UserData.swift */ = {isa = PBXFileReference; lastKnownFileType = sourcecode.swift; path = UserData.swift; sourceTree = "<group>"; };
		33A245AF26FE05FA0019D220 /* CategoryHome.swift */ = {isa = PBXFileReference; lastKnownFileType = sourcecode.swift; path = CategoryHome.swift; sourceTree = "<group>"; };
		33A245B526FE235B0019D220 /* Info.plist */ = {isa = PBXFileReference; fileEncoding = 4; lastKnownFileType = text.plist.xml; path = Info.plist; sourceTree = "<group>"; };
		33FE617D26FEFF72000A785D /* Badge.swift */ = {isa = PBXFileReference; fileEncoding = 4; lastKnownFileType = sourcecode.swift; name = Badge.swift; path = Badges/Badge.swift; sourceTree = "<group>"; };
		33FE617F26FEFF7C000A785D /* HexagonParameters.swift */ = {isa = PBXFileReference; fileEncoding = 4; lastKnownFileType = sourcecode.swift; name = HexagonParameters.swift; path = Badges/HexagonParameters.swift; sourceTree = "<group>"; };
		33FE618026FEFF7C000A785D /* BadgeBackground.swift */ = {isa = PBXFileReference; fileEncoding = 4; lastKnownFileType = sourcecode.swift; name = BadgeBackground.swift; path = Badges/BadgeBackground.swift; sourceTree = "<group>"; };
		33FE618126FEFF7C000A785D /* RotatedBadgeSymbol.swift */ = {isa = PBXFileReference; fileEncoding = 4; lastKnownFileType = sourcecode.swift; name = RotatedBadgeSymbol.swift; path = Badges/RotatedBadgeSymbol.swift; sourceTree = "<group>"; };
		33FE618226FEFF7C000A785D /* BadgeSymbol.swift */ = {isa = PBXFileReference; fileEncoding = 4; lastKnownFileType = sourcecode.swift; name = BadgeSymbol.swift; path = Badges/BadgeSymbol.swift; sourceTree = "<group>"; };
		33FE618726FF14F0000A785D /* CategoryRow.swift */ = {isa = PBXFileReference; lastKnownFileType = sourcecode.swift; path = CategoryRow.swift; sourceTree = "<group>"; };
		33FE618926FF15F0000A785D /* CateforyItem.swift */ = {isa = PBXFileReference; lastKnownFileType = sourcecode.swift; path = CateforyItem.swift; sourceTree = "<group>"; };
		33FE618B26FF1826000A785D /* ContentView.swift */ = {isa = PBXFileReference; lastKnownFileType = sourcecode.swift; path = ContentView.swift; sourceTree = "<group>"; };
		33FE618E26FF1E69000A785D /* charleyrivers.jpg */ = {isa = PBXFileReference; lastKnownFileType = image.jpeg; path = charleyrivers.jpg; sourceTree = "<group>"; };
		33FE618F26FF1E69000A785D /* turtlerock.jpg */ = {isa = PBXFileReference; lastKnownFileType = image.jpeg; path = turtlerock.jpg; sourceTree = "<group>"; };
		33FE619026FF1E69000A785D /* silversalmoncreek.jpg */ = {isa = PBXFileReference; lastKnownFileType = image.jpeg; path = silversalmoncreek.jpg; sourceTree = "<group>"; };
		33FE619126FF1E69000A785D /* hikeData.json */ = {isa = PBXFileReference; fileEncoding = 4; lastKnownFileType = text.json; path = hikeData.json; sourceTree = "<group>"; };
		33FE619226FF1E69000A785D /* icybay.jpg */ = {isa = PBXFileReference; lastKnownFileType = image.jpeg; path = icybay.jpg; sourceTree = "<group>"; };
		33FE619326FF1E69000A785D /* lakemcdonald.jpg */ = {isa = PBXFileReference; lastKnownFileType = image.jpeg; path = lakemcdonald.jpg; sourceTree = "<group>"; };
		33FE619426FF1E69000A785D /* hiddenlake.jpg */ = {isa = PBXFileReference; lastKnownFileType = image.jpeg; path = hiddenlake.jpg; sourceTree = "<group>"; };
		33FE619526FF1E69000A785D /* twinlake.jpg */ = {isa = PBXFileReference; lastKnownFileType = image.jpeg; path = twinlake.jpg; sourceTree = "<group>"; };
		33FE619626FF1E69000A785D /* umbagog.jpg */ = {isa = PBXFileReference; lastKnownFileType = image.jpeg; path = umbagog.jpg; sourceTree = "<group>"; };
		33FE619726FF1E69000A785D /* landmarkData.json */ = {isa = PBXFileReference; fileEncoding = 4; lastKnownFileType = text.json; path = landmarkData.json; sourceTree = "<group>"; };
		33FE619826FF1E69000A785D /* chincoteague.jpg */ = {isa = PBXFileReference; lastKnownFileType = image.jpeg; path = chincoteague.jpg; sourceTree = "<group>"; };
		33FE619926FF1E69000A785D /* stmarylake.jpg */ = {isa = PBXFileReference; lastKnownFileType = image.jpeg; path = stmarylake.jpg; sourceTree = "<group>"; };
		33FE619A26FF1E69000A785D /* chilkoottrail.jpg */ = {isa = PBXFileReference; lastKnownFileType = image.jpeg; path = chilkoottrail.jpg; sourceTree = "<group>"; };
		33FE619B26FF1E69000A785D /* rainbowlake.jpg */ = {isa = PBXFileReference; lastKnownFileType = image.jpeg; path = rainbowlake.jpg; sourceTree = "<group>"; };
		33FE61AB26FF1F38000A785D /* Profile.swift */ = {isa = PBXFileReference; lastKnownFileType = sourcecode.swift; path = Profile.swift; sourceTree = "<group>"; };
		33FE61AD26FF1F7F000A785D /* ProfileHost.swift */ = {isa = PBXFileReference; lastKnownFileType = sourcecode.swift; path = ProfileHost.swift; sourceTree = "<group>"; };
		33FE61AF26FF1FBF000A785D /* ProfileSummary.swift */ = {isa = PBXFileReference; lastKnownFileType = sourcecode.swift; path = ProfileSummary.swift; sourceTree = "<group>"; };
		33FE61B126FF2014000A785D /* HikeBadge.swift */ = {isa = PBXFileReference; lastKnownFileType = sourcecode.swift; path = HikeBadge.swift; sourceTree = "<group>"; };
		33FE61B326FF22A9000A785D /* ProfileEditor.swift */ = {isa = PBXFileReference; lastKnownFileType = sourcecode.swift; path = ProfileEditor.swift; sourceTree = "<group>"; };
		33FE61B526FF262F000A785D /* PageViewController.swift */ = {isa = PBXFileReference; lastKnownFileType = sourcecode.swift; path = PageViewController.swift; sourceTree = "<group>"; };
		33FE61B826FF27D8000A785D /* FeatureCard.swift */ = {isa = PBXFileReference; lastKnownFileType = sourcecode.swift; path = FeatureCard.swift; sourceTree = "<group>"; };
		33FE61BA26FF2817000A785D /* PageView.swift */ = {isa = PBXFileReference; lastKnownFileType = sourcecode.swift; path = PageView.swift; sourceTree = "<group>"; };
		33FE61BC26FF4C90000A785D /* PageControl.swift */ = {isa = PBXFileReference; lastKnownFileType = sourcecode.swift; path = PageControl.swift; sourceTree = "<group>"; };
/* End PBXFileReference section */

/* Begin PBXFrameworksBuildPhase section */
		3391B0CF26F8A02B006CF7C2 /* Frameworks */ = {
			isa = PBXFrameworksBuildPhase;
			buildActionMask = 2147483647;
			files = (
			);
			runOnlyForDeploymentPostprocessing = 0;
		};
		3391B0E026F8A035006CF7C2 /* Frameworks */ = {
			isa = PBXFrameworksBuildPhase;
			buildActionMask = 2147483647;
			files = (
			);
			runOnlyForDeploymentPostprocessing = 0;
		};
		3391B0EB26F8A035006CF7C2 /* Frameworks */ = {
			isa = PBXFrameworksBuildPhase;
			buildActionMask = 2147483647;
			files = (
			);
			runOnlyForDeploymentPostprocessing = 0;
		};
/* End PBXFrameworksBuildPhase section */

/* Begin PBXGroup section */
		3391B0C926F8A02B006CF7C2 = {
			isa = PBXGroup;
			children = (
				3391B0D426F8A02B006CF7C2 /* LandMarks */,
				3391B0E626F8A035006CF7C2 /* LandMarksTests */,
				3391B0F126F8A035006CF7C2 /* LandMarksUITests */,
				3391B0D326F8A02B006CF7C2 /* Products */,
			);
			sourceTree = "<group>";
		};
		3391B0D326F8A02B006CF7C2 /* Products */ = {
			isa = PBXGroup;
			children = (
				3391B0D226F8A02B006CF7C2 /* LandMarks.app */,
				3391B0E326F8A035006CF7C2 /* LandMarksTests.xctest */,
				3391B0EE26F8A035006CF7C2 /* LandMarksUITests.xctest */,
			);
			name = Products;
			sourceTree = "<group>";
		};
		3391B0D426F8A02B006CF7C2 /* LandMarks */ = {
			isa = PBXGroup;
			children = (
				33FE61B726FF2643000A785D /* Views */,
				33FE61AA26FF1F1C000A785D /* Profiles */,
				33FE618D26FF1E69000A785D /* Resources */,
				33A245AE26FE05D60019D220 /* Categories */,
				33A245AB26FE02C60019D220 /* Preview Content */,
				33A245A726FE028F0019D220 /* Models */,
				33A245A326FE023C0019D220 /* Landmarks */,
				33A2459826FE01EA0019D220 /* Hikes */,
				33A2459526FE01BD0019D220 /* Helpers */,
				33A2457826FDFF5D0019D220 /* Badges */,
				33A2456F26FDFE250019D220 /* Assets.xcassets */,
				33A245B526FE235B0019D220 /* Info.plist */,
				33A2453626FDFD6F0019D220 /* LandMarksApp.swift */,
			);
			path = LandMarks;
			sourceTree = "<group>";
		};
		3391B0E626F8A035006CF7C2 /* LandMarksTests */ = {
			isa = PBXGroup;
			children = (
				3391B0E726F8A035006CF7C2 /* LandMarksTests.swift */,
				3391B0E926F8A035006CF7C2 /* Info.plist */,
			);
			path = LandMarksTests;
			sourceTree = "<group>";
		};
		3391B0F126F8A035006CF7C2 /* LandMarksUITests */ = {
			isa = PBXGroup;
			children = (
				3391B0F226F8A035006CF7C2 /* LandMarksUITests.swift */,
				3391B0F426F8A035006CF7C2 /* Info.plist */,
			);
			path = LandMarksUITests;
			sourceTree = "<group>";
		};
		33A2457826FDFF5D0019D220 /* Badges */ = {
			isa = PBXGroup;
			children = (
				33FE617D26FEFF72000A785D /* Badge.swift */,
				33FE618026FEFF7C000A785D /* BadgeBackground.swift */,
				33FE618226FEFF7C000A785D /* BadgeSymbol.swift */,
				33FE617F26FEFF7C000A785D /* HexagonParameters.swift */,
				33FE618126FEFF7C000A785D /* RotatedBadgeSymbol.swift */,
			);
			name = Badges;
			sourceTree = "<group>";
		};
		33A2459526FE01BD0019D220 /* Helpers */ = {
			isa = PBXGroup;
			children = (
				33A2459726FE01E40019D220 /* MapView.swift */,
				33A2459626FE01D60019D220 /* CircleImage.swift */,
			);
			path = Helpers;
			sourceTree = "<group>";
		};
		33A2459826FE01EA0019D220 /* Hikes */ = {
			isa = PBXGroup;
			children = (
				33A2459926FE01FD0019D220 /* GraphCapsule.swift */,
				33A245A226FE02210019D220 /* HikeView.swift */,
				33A245A126FE021E0019D220 /* HikeGraph.swift */,
				33A2459B26FE02080019D220 /* HikeDetail.swift */,
				33FE61B126FF2014000A785D /* HikeBadge.swift */,
			);
			path = Hikes;
			sourceTree = "<group>";
		};
		33A245A326FE023C0019D220 /* Landmarks */ = {
			isa = PBXGroup;
			children = (
				33A245A426FE02730019D220 /* LandmarkDetail.swift */,
				33A245A626FE027E0019D220 /* LandmarkRow.swift */,
				33A245A526FE02790019D220 /* LandmarkList.swift */,
				33FE618B26FF1826000A785D /* ContentView.swift */,
			);
			path = Landmarks;
			sourceTree = "<group>";
		};
		33A245A726FE028F0019D220 /* Models */ = {
			isa = PBXGroup;
			children = (
				33A245A926FE02A90019D220 /* Landmark.swift */,
				33A245A826FE02A10019D220 /* Data.swift */,
				33A2459E26FE02110019D220 /* Hike.swift */,
				33A245AA26FE02B30019D220 /* UserData.swift */,
			);
			path = Models;
			sourceTree = "<group>";
		};
		33A245AB26FE02C60019D220 /* Preview Content */ = {
			isa = PBXGroup;
			children = (
			);
			path = "Preview Content";
			sourceTree = "<group>";
		};
		33A245AE26FE05D60019D220 /* Categories */ = {
			isa = PBXGroup;
			children = (
				33A245AF26FE05FA0019D220 /* CategoryHome.swift */,
				33FE618726FF14F0000A785D /* CategoryRow.swift */,
				33FE618926FF15F0000A785D /* CateforyItem.swift */,
			);
			path = Categories;
			sourceTree = "<group>";
		};
		33FE618D26FF1E69000A785D /* Resources */ = {
			isa = PBXGroup;
			children = (
				33FE618E26FF1E69000A785D /* charleyrivers.jpg */,
				33FE618F26FF1E69000A785D /* turtlerock.jpg */,
				33FE619026FF1E69000A785D /* silversalmoncreek.jpg */,
				33FE619126FF1E69000A785D /* hikeData.json */,
				33FE619226FF1E69000A785D /* icybay.jpg */,
				33FE619326FF1E69000A785D /* lakemcdonald.jpg */,
				33FE619426FF1E69000A785D /* hiddenlake.jpg */,
				33FE619526FF1E69000A785D /* twinlake.jpg */,
				33FE619626FF1E69000A785D /* umbagog.jpg */,
				33FE619726FF1E69000A785D /* landmarkData.json */,
				33FE619826FF1E69000A785D /* chincoteague.jpg */,
				33FE619926FF1E69000A785D /* stmarylake.jpg */,
				33FE619A26FF1E69000A785D /* chilkoottrail.jpg */,
				33FE619B26FF1E69000A785D /* rainbowlake.jpg */,
			);
			path = Resources;
			sourceTree = "<group>";
		};
		33FE61AA26FF1F1C000A785D /* Profiles */ = {
			isa = PBXGroup;
			children = (
				33FE61AB26FF1F38000A785D /* Profile.swift */,
				33FE61AD26FF1F7F000A785D /* ProfileHost.swift */,
				33FE61AF26FF1FBF000A785D /* ProfileSummary.swift */,
				33FE61B326FF22A9000A785D /* ProfileEditor.swift */,
			);
			path = Profiles;
			sourceTree = "<group>";
		};
		33FE61B726FF2643000A785D /* Views */ = {
			isa = PBXGroup;
			children = (
				33FE61B526FF262F000A785D /* PageViewController.swift */,
				33FE61B826FF27D8000A785D /* FeatureCard.swift */,
				33FE61BA26FF2817000A785D /* PageView.swift */,
				33FE61BC26FF4C90000A785D /* PageControl.swift */,
			);
			path = Views;
			sourceTree = "<group>";
		};
/* End PBXGroup section */

/* Begin PBXNativeTarget section */
		3391B0D126F8A02B006CF7C2 /* LandMarks */ = {
			isa = PBXNativeTarget;
			buildConfigurationList = 3391B0F726F8A035006CF7C2 /* Build configuration list for PBXNativeTarget "LandMarks" */;
			buildPhases = (
				3391B0CE26F8A02B006CF7C2 /* Sources */,
				3391B0CF26F8A02B006CF7C2 /* Frameworks */,
				3391B0D026F8A02B006CF7C2 /* Resources */,
			);
			buildRules = (
			);
			dependencies = (
			);
			name = LandMarks;
			productName = LandMarks;
			productReference = 3391B0D226F8A02B006CF7C2 /* LandMarks.app */;
			productType = "com.apple.product-type.application";
		};
		3391B0E226F8A035006CF7C2 /* LandMarksTests */ = {
			isa = PBXNativeTarget;
			buildConfigurationList = 3391B0FA26F8A035006CF7C2 /* Build configuration list for PBXNativeTarget "LandMarksTests" */;
			buildPhases = (
				3391B0DF26F8A035006CF7C2 /* Sources */,
				3391B0E026F8A035006CF7C2 /* Frameworks */,
				3391B0E126F8A035006CF7C2 /* Resources */,
			);
			buildRules = (
			);
			dependencies = (
				3391B0E526F8A035006CF7C2 /* PBXTargetDependency */,
			);
			name = LandMarksTests;
			productName = LandMarksTests;
			productReference = 3391B0E326F8A035006CF7C2 /* LandMarksTests.xctest */;
			productType = "com.apple.product-type.bundle.unit-test";
		};
		3391B0ED26F8A035006CF7C2 /* LandMarksUITests */ = {
			isa = PBXNativeTarget;
			buildConfigurationList = 3391B0FD26F8A035006CF7C2 /* Build configuration list for PBXNativeTarget "LandMarksUITests" */;
			buildPhases = (
				3391B0EA26F8A035006CF7C2 /* Sources */,
				3391B0EB26F8A035006CF7C2 /* Frameworks */,
				3391B0EC26F8A035006CF7C2 /* Resources */,
			);
			buildRules = (
			);
			dependencies = (
				3391B0F026F8A035006CF7C2 /* PBXTargetDependency */,
			);
			name = LandMarksUITests;
			productName = LandMarksUITests;
			productReference = 3391B0EE26F8A035006CF7C2 /* LandMarksUITests.xctest */;
			productType = "com.apple.product-type.bundle.ui-testing";
		};
/* End PBXNativeTarget section */

/* Begin PBXProject section */
		3391B0CA26F8A02B006CF7C2 /* Project object */ = {
			isa = PBXProject;
			attributes = {
				LastSwiftUpdateCheck = 1250;
				LastUpgradeCheck = 1250;
				TargetAttributes = {
					3391B0D126F8A02B006CF7C2 = {
						CreatedOnToolsVersion = 12.5.1;
					};
					3391B0E226F8A035006CF7C2 = {
						CreatedOnToolsVersion = 12.5.1;
						TestTargetID = 3391B0D126F8A02B006CF7C2;
					};
					3391B0ED26F8A035006CF7C2 = {
						CreatedOnToolsVersion = 12.5.1;
						TestTargetID = 3391B0D126F8A02B006CF7C2;
					};
				};
			};
			buildConfigurationList = 3391B0CD26F8A02B006CF7C2 /* Build configuration list for PBXProject "LandMarks" */;
			compatibilityVersion = "Xcode 9.3";
			developmentRegion = en;
			hasScannedForEncodings = 0;
			knownRegions = (
				en,
				Base,
			);
			mainGroup = 3391B0C926F8A02B006CF7C2;
			productRefGroup = 3391B0D326F8A02B006CF7C2 /* Products */;
			projectDirPath = "";
			projectRoot = "";
			targets = (
				3391B0D126F8A02B006CF7C2 /* LandMarks */,
				3391B0E226F8A035006CF7C2 /* LandMarksTests */,
				3391B0ED26F8A035006CF7C2 /* LandMarksUITests */,
			);
		};
/* End PBXProject section */

/* Begin PBXResourcesBuildPhase section */
		3391B0D026F8A02B006CF7C2 /* Resources */ = {
			isa = PBXResourcesBuildPhase;
			buildActionMask = 2147483647;
			files = (
				33FE61A126FF1E69000A785D /* lakemcdonald.jpg in Resources */,
				33FE61A926FF1E69000A785D /* rainbowlake.jpg in Resources */,
				339234B126FE3C2C0093222E /* Assets.xcassets in Resources */,
				33FE61A526FF1E69000A785D /* landmarkData.json in Resources */,
				33FE61A726FF1E69000A785D /* stmarylake.jpg in Resources */,
				33FE619E26FF1E69000A785D /* silversalmoncreek.jpg in Resources */,
				33FE619C26FF1E69000A785D /* charleyrivers.jpg in Resources */,
				33FE61A426FF1E69000A785D /* umbagog.jpg in Resources */,
				33FE61A626FF1E69000A785D /* chincoteague.jpg in Resources */,
				33FE619D26FF1E69000A785D /* turtlerock.jpg in Resources */,
				33FE61A826FF1E69000A785D /* chilkoottrail.jpg in Resources */,
				33FE61A026FF1E69000A785D /* icybay.jpg in Resources */,
				33FE61A326FF1E69000A785D /* twinlake.jpg in Resources */,
				33FE61A226FF1E69000A785D /* hiddenlake.jpg in Resources */,
				33FE619F26FF1E69000A785D /* hikeData.json in Resources */,
			);
			runOnlyForDeploymentPostprocessing = 0;
		};
		3391B0E126F8A035006CF7C2 /* Resources */ = {
			isa = PBXResourcesBuildPhase;
			buildActionMask = 2147483647;
			files = (
				33A2457126FDFE250019D220 /* Assets.xcassets in Resources */,
			);
			runOnlyForDeploymentPostprocessing = 0;
		};
		3391B0EC26F8A035006CF7C2 /* Resources */ = {
			isa = PBXResourcesBuildPhase;
			buildActionMask = 2147483647;
			files = (
			);
			runOnlyForDeploymentPostprocessing = 0;
		};
/* End PBXResourcesBuildPhase section */

/* Begin PBXSourcesBuildPhase section */
		3391B0CE26F8A02B006CF7C2 /* Sources */ = {
			isa = PBXSourcesBuildPhase;
			buildActionMask = 2147483647;
			files = (
				339234B426FE3C380093222E /* GraphCapsule.swift in Sources */,
				33FE61AC26FF1F38000A785D /* Profile.swift in Sources */,
				339234B926FE3C4B0093222E /* Data.swift in Sources */,
				339234B626FE3C410093222E /* LandmarkRow.swift in Sources */,
				33FE61B926FF27D8000A785D /* FeatureCard.swift in Sources */,
				339234B826FE3C470093222E /* Landmark.swift in Sources */,
				33FE618826FF14F0000A785D /* CategoryRow.swift in Sources */,
				33FE618326FEFF7C000A785D /* HexagonParameters.swift in Sources */,
				339234B326FE3C330093222E /* HikeGraph.swift in Sources */,
				339234BA26FE3C4E0093222E /* Hike.swift in Sources */,
				33FE61BD26FF4C90000A785D /* PageControl.swift in Sources */,
				339234B726FE3C440093222E /* LandmarkList.swift in Sources */,
				33FE617C26FEFE22000A785D /* LandmarkDetail.swift in Sources */,
				339234B026FE3C280093222E /* LandMarksApp.swift in Sources */,
				33FE61B026FF1FBF000A785D /* ProfileSummary.swift in Sources */,
				33FE617E26FEFF72000A785D /* Badge.swift in Sources */,
				33FE61AE26FF1F7F000A785D /* ProfileHost.swift in Sources */,
				339234D826FEF64F0093222E /* CircleImage.swift in Sources */,
				339234AA26FE3BAD0093222E /* HikeView.swift in Sources */,
				33FE61BB26FF2817000A785D /* PageView.swift in Sources */,
				33FE618626FEFF7C000A785D /* BadgeSymbol.swift in Sources */,
				33FE61B426FF22A9000A785D /* ProfileEditor.swift in Sources */,
				33FE618A26FF15F0000A785D /* CateforyItem.swift in Sources */,
				33FE618426FEFF7C000A785D /* BadgeBackground.swift in Sources */,
				33FE618C26FF1826000A785D /* ContentView.swift in Sources */,
				33FE61B626FF262F000A785D /* PageViewController.swift in Sources */,
				339234BC26FE3C560093222E /* CategoryHome.swift in Sources */,
				33FE61B226FF2014000A785D /* HikeBadge.swift in Sources */,
				339234BB26FE3C510093222E /* UserData.swift in Sources */,
				339234BD26FEF5F90093222E /* MapView.swift in Sources */,
				33FE618526FEFF7C000A785D /* RotatedBadgeSymbol.swift in Sources */,
				339234B226FE3C300093222E /* HikeDetail.swift in Sources */,
			);
			runOnlyForDeploymentPostprocessing = 0;
		};
		3391B0DF26F8A035006CF7C2 /* Sources */ = {
			isa = PBXSourcesBuildPhase;
			buildActionMask = 2147483647;
			files = (
				3391B0E826F8A035006CF7C2 /* LandMarksTests.swift in Sources */,
			);
			runOnlyForDeploymentPostprocessing = 0;
		};
		3391B0EA26F8A035006CF7C2 /* Sources */ = {
			isa = PBXSourcesBuildPhase;
			buildActionMask = 2147483647;
			files = (
				3391B0F326F8A035006CF7C2 /* LandMarksUITests.swift in Sources */,
			);
			runOnlyForDeploymentPostprocessing = 0;
		};
/* End PBXSourcesBuildPhase section */

/* Begin PBXTargetDependency section */
		3391B0E526F8A035006CF7C2 /* PBXTargetDependency */ = {
			isa = PBXTargetDependency;
			target = 3391B0D126F8A02B006CF7C2 /* LandMarks */;
			targetProxy = 3391B0E426F8A035006CF7C2 /* PBXContainerItemProxy */;
		};
		3391B0F026F8A035006CF7C2 /* PBXTargetDependency */ = {
			isa = PBXTargetDependency;
			target = 3391B0D126F8A02B006CF7C2 /* LandMarks */;
			targetProxy = 3391B0EF26F8A035006CF7C2 /* PBXContainerItemProxy */;
		};
/* End PBXTargetDependency section */

/* Begin XCBuildConfiguration section */
		3391B0F526F8A035006CF7C2 /* Debug */ = {
			isa = XCBuildConfiguration;
			buildSettings = {
				ALWAYS_SEARCH_USER_PATHS = NO;
				CLANG_ANALYZER_NONNULL = YES;
				CLANG_ANALYZER_NUMBER_OBJECT_CONVERSION = YES_AGGRESSIVE;
				CLANG_CXX_LANGUAGE_STANDARD = "gnu++14";
				CLANG_CXX_LIBRARY = "libc++";
				CLANG_ENABLE_MODULES = YES;
				CLANG_ENABLE_OBJC_ARC = YES;
				CLANG_ENABLE_OBJC_WEAK = YES;
				CLANG_WARN_BLOCK_CAPTURE_AUTORELEASING = YES;
				CLANG_WARN_BOOL_CONVERSION = YES;
				CLANG_WARN_COMMA = YES;
				CLANG_WARN_CONSTANT_CONVERSION = YES;
				CLANG_WARN_DEPRECATED_OBJC_IMPLEMENTATIONS = YES;
				CLANG_WARN_DIRECT_OBJC_ISA_USAGE = YES_ERROR;
				CLANG_WARN_DOCUMENTATION_COMMENTS = YES;
				CLANG_WARN_EMPTY_BODY = YES;
				CLANG_WARN_ENUM_CONVERSION = YES;
				CLANG_WARN_INFINITE_RECURSION = YES;
				CLANG_WARN_INT_CONVERSION = YES;
				CLANG_WARN_NON_LITERAL_NULL_CONVERSION = YES;
				CLANG_WARN_OBJC_IMPLICIT_RETAIN_SELF = YES;
				CLANG_WARN_OBJC_LITERAL_CONVERSION = YES;
				CLANG_WARN_OBJC_ROOT_CLASS = YES_ERROR;
				CLANG_WARN_QUOTED_INCLUDE_IN_FRAMEWORK_HEADER = YES;
				CLANG_WARN_RANGE_LOOP_ANALYSIS = YES;
				CLANG_WARN_STRICT_PROTOTYPES = YES;
				CLANG_WARN_SUSPICIOUS_MOVE = YES;
				CLANG_WARN_UNGUARDED_AVAILABILITY = YES_AGGRESSIVE;
				CLANG_WARN_UNREACHABLE_CODE = YES;
				CLANG_WARN__DUPLICATE_METHOD_MATCH = YES;
				COPY_PHASE_STRIP = NO;
				DEBUG_INFORMATION_FORMAT = dwarf;
				ENABLE_STRICT_OBJC_MSGSEND = YES;
				ENABLE_TESTABILITY = YES;
				GCC_C_LANGUAGE_STANDARD = gnu11;
				GCC_DYNAMIC_NO_PIC = NO;
				GCC_NO_COMMON_BLOCKS = YES;
				GCC_OPTIMIZATION_LEVEL = 0;
				GCC_PREPROCESSOR_DEFINITIONS = (
					"DEBUG=1",
					"$(inherited)",
				);
				GCC_WARN_64_TO_32_BIT_CONVERSION = YES;
				GCC_WARN_ABOUT_RETURN_TYPE = YES_ERROR;
				GCC_WARN_UNDECLARED_SELECTOR = YES;
				GCC_WARN_UNINITIALIZED_AUTOS = YES_AGGRESSIVE;
				GCC_WARN_UNUSED_FUNCTION = YES;
				GCC_WARN_UNUSED_VARIABLE = YES;
				INFOPLIST_FILE = /Users/yuseirf/XcodeProjects/LandMarks/LandMarks/Info.plist;
				"INFOPLIST_FILE[sdk=*]" = /Users/yuseirf/XcodeProjects/LandMarks/LandMarks/Info.plist;
				IPHONEOS_DEPLOYMENT_TARGET = 14.7;
				MTL_ENABLE_DEBUG_INFO = INCLUDE_SOURCE;
				MTL_FAST_MATH = YES;
				ONLY_ACTIVE_ARCH = YES;
				SDKROOT = iphoneos;
				SWIFT_ACTIVE_COMPILATION_CONDITIONS = DEBUG;
				SWIFT_OPTIMIZATION_LEVEL = "-Onone";
			};
			name = Debug;
		};
		3391B0F626F8A035006CF7C2 /* Release */ = {
			isa = XCBuildConfiguration;
			buildSettings = {
				ALWAYS_SEARCH_USER_PATHS = NO;
				CLANG_ANALYZER_NONNULL = YES;
				CLANG_ANALYZER_NUMBER_OBJECT_CONVERSION = YES_AGGRESSIVE;
				CLANG_CXX_LANGUAGE_STANDARD = "gnu++14";
				CLANG_CXX_LIBRARY = "libc++";
				CLANG_ENABLE_MODULES = YES;
				CLANG_ENABLE_OBJC_ARC = YES;
				CLANG_ENABLE_OBJC_WEAK = YES;
				CLANG_WARN_BLOCK_CAPTURE_AUTORELEASING = YES;
				CLANG_WARN_BOOL_CONVERSION = YES;
				CLANG_WARN_COMMA = YES;
				CLANG_WARN_CONSTANT_CONVERSION = YES;
				CLANG_WARN_DEPRECATED_OBJC_IMPLEMENTATIONS = YES;
				CLANG_WARN_DIRECT_OBJC_ISA_USAGE = YES_ERROR;
				CLANG_WARN_DOCUMENTATION_COMMENTS = YES;
				CLANG_WARN_EMPTY_BODY = YES;
				CLANG_WARN_ENUM_CONVERSION = YES;
				CLANG_WARN_INFINITE_RECURSION = YES;
				CLANG_WARN_INT_CONVERSION = YES;
				CLANG_WARN_NON_LITERAL_NULL_CONVERSION = YES;
				CLANG_WARN_OBJC_IMPLICIT_RETAIN_SELF = YES;
				CLANG_WARN_OBJC_LITERAL_CONVERSION = YES;
				CLANG_WARN_OBJC_ROOT_CLASS = YES_ERROR;
				CLANG_WARN_QUOTED_INCLUDE_IN_FRAMEWORK_HEADER = YES;
				CLANG_WARN_RANGE_LOOP_ANALYSIS = YES;
				CLANG_WARN_STRICT_PROTOTYPES = YES;
				CLANG_WARN_SUSPICIOUS_MOVE = YES;
				CLANG_WARN_UNGUARDED_AVAILABILITY = YES_AGGRESSIVE;
				CLANG_WARN_UNREACHABLE_CODE = YES;
				CLANG_WARN__DUPLICATE_METHOD_MATCH = YES;
				COPY_PHASE_STRIP = NO;
				DEBUG_INFORMATION_FORMAT = "dwarf-with-dsym";
				ENABLE_NS_ASSERTIONS = NO;
				ENABLE_STRICT_OBJC_MSGSEND = YES;
				GCC_C_LANGUAGE_STANDARD = gnu11;
				GCC_NO_COMMON_BLOCKS = YES;
				GCC_WARN_64_TO_32_BIT_CONVERSION = YES;
				GCC_WARN_ABOUT_RETURN_TYPE = YES_ERROR;
				GCC_WARN_UNDECLARED_SELECTOR = YES;
				GCC_WARN_UNINITIALIZED_AUTOS = YES_AGGRESSIVE;
				GCC_WARN_UNUSED_FUNCTION = YES;
				GCC_WARN_UNUSED_VARIABLE = YES;
				INFOPLIST_FILE = /Users/yuseirf/XcodeProjects/LandMarks/LandMarks/Info.plist;
				IPHONEOS_DEPLOYMENT_TARGET = 14.7;
				MTL_ENABLE_DEBUG_INFO = NO;
				MTL_FAST_MATH = YES;
				SDKROOT = iphoneos;
				SWIFT_COMPILATION_MODE = wholemodule;
				SWIFT_OPTIMIZATION_LEVEL = "-O";
				VALIDATE_PRODUCT = YES;
			};
			name = Release;
		};
		3391B0F826F8A035006CF7C2 /* Debug */ = {
			isa = XCBuildConfiguration;
			buildSettings = {
				ASSETCATALOG_COMPILER_APPICON_NAME = AppIcon;
				ASSETCATALOG_COMPILER_GLOBAL_ACCENT_COLOR_NAME = AccentColor;
				CODE_SIGN_STYLE = Automatic;
				DEVELOPMENT_ASSET_PATHS = "\"LandMarks/Preview Content\"";
				DEVELOPMENT_TEAM = F5H29MV6A7;
				ENABLE_PREVIEWS = YES;
				INFOPLIST_FILE = LandMarks/Info.plist;
				IPHONEOS_DEPLOYMENT_TARGET = 14.0;
				LD_RUNPATH_SEARCH_PATHS = (
					"$(inherited)",
					"@executable_path/Frameworks",
				);
				PRODUCT_BUNDLE_IDENTIFIER = "Yusei-Tanaka.LandMarks";
				PRODUCT_NAME = "$(TARGET_NAME)";
				SWIFT_VERSION = 5.0;
				TARGETED_DEVICE_FAMILY = "1,2";
			};
			name = Debug;
		};
		3391B0F926F8A035006CF7C2 /* Release */ = {
			isa = XCBuildConfiguration;
			buildSettings = {
				ASSETCATALOG_COMPILER_APPICON_NAME = AppIcon;
				ASSETCATALOG_COMPILER_GLOBAL_ACCENT_COLOR_NAME = AccentColor;
				CODE_SIGN_STYLE = Automatic;
				DEVELOPMENT_ASSET_PATHS = "\"LandMarks/Preview Content\"";
				DEVELOPMENT_TEAM = F5H29MV6A7;
				ENABLE_PREVIEWS = YES;
				INFOPLIST_FILE = LandMarks/Info.plist;
				IPHONEOS_DEPLOYMENT_TARGET = 14.0;
				LD_RUNPATH_SEARCH_PATHS = (
					"$(inherited)",
					"@executable_path/Frameworks",
				);
				PRODUCT_BUNDLE_IDENTIFIER = "Yusei-Tanaka.LandMarks";
				PRODUCT_NAME = "$(TARGET_NAME)";
				SWIFT_VERSION = 5.0;
				TARGETED_DEVICE_FAMILY = "1,2";
			};
			name = Release;
		};
		3391B0FB26F8A035006CF7C2 /* Debug */ = {
			isa = XCBuildConfiguration;
			buildSettings = {
				ALWAYS_EMBED_SWIFT_STANDARD_LIBRARIES = YES;
				BUNDLE_LOADER = "$(TEST_HOST)";
				CODE_SIGN_STYLE = Automatic;
				DEVELOPMENT_TEAM = F5H29MV6A7;
				INFOPLIST_FILE = LandMarksTests/Info.plist;
				IPHONEOS_DEPLOYMENT_TARGET = 14.0;
				LD_RUNPATH_SEARCH_PATHS = (
					"$(inherited)",
					"@executable_path/Frameworks",
					"@loader_path/Frameworks",
				);
				PRODUCT_BUNDLE_IDENTIFIER = "Yusei-Tanaka.LandMarksTests";
				PRODUCT_NAME = "$(TARGET_NAME)";
				SWIFT_VERSION = 5.0;
				TARGETED_DEVICE_FAMILY = "1,2";
				TEST_HOST = "$(BUILT_PRODUCTS_DIR)/LandMarks.app/LandMarks";
			};
			name = Debug;
		};
		3391B0FC26F8A035006CF7C2 /* Release */ = {
			isa = XCBuildConfiguration;
			buildSettings = {
				ALWAYS_EMBED_SWIFT_STANDARD_LIBRARIES = YES;
				BUNDLE_LOADER = "$(TEST_HOST)";
				CODE_SIGN_STYLE = Automatic;
				DEVELOPMENT_TEAM = F5H29MV6A7;
				INFOPLIST_FILE = LandMarksTests/Info.plist;
				IPHONEOS_DEPLOYMENT_TARGET = 14.0;
				LD_RUNPATH_SEARCH_PATHS = (
					"$(inherited)",
					"@executable_path/Frameworks",
					"@loader_path/Frameworks",
				);
				PRODUCT_BUNDLE_IDENTIFIER = "Yusei-Tanaka.LandMarksTests";
				PRODUCT_NAME = "$(TARGET_NAME)";
				SWIFT_VERSION = 5.0;
				TARGETED_DEVICE_FAMILY = "1,2";
				TEST_HOST = "$(BUILT_PRODUCTS_DIR)/LandMarks.app/LandMarks";
			};
			name = Release;
		};
		3391B0FE26F8A035006CF7C2 /* Debug */ = {
			isa = XCBuildConfiguration;
			buildSettings = {
				ALWAYS_EMBED_SWIFT_STANDARD_LIBRARIES = YES;
				CODE_SIGN_STYLE = Automatic;
				DEVELOPMENT_TEAM = F5H29MV6A7;
				INFOPLIST_FILE = LandMarksUITests/Info.plist;
				LD_RUNPATH_SEARCH_PATHS = (
					"$(inherited)",
					"@executable_path/Frameworks",
					"@loader_path/Frameworks",
				);
				PRODUCT_BUNDLE_IDENTIFIER = "Yusei-Tanaka.LandMarksUITests";
				PRODUCT_NAME = "$(TARGET_NAME)";
				SWIFT_VERSION = 5.0;
				TARGETED_DEVICE_FAMILY = "1,2";
				TEST_TARGET_NAME = LandMarks;
			};
			name = Debug;
		};
		3391B0FF26F8A035006CF7C2 /* Release */ = {
			isa = XCBuildConfiguration;
			buildSettings = {
				ALWAYS_EMBED_SWIFT_STANDARD_LIBRARIES = YES;
				CODE_SIGN_STYLE = Automatic;
				DEVELOPMENT_TEAM = F5H29MV6A7;
				INFOPLIST_FILE = LandMarksUITests/Info.plist;
				LD_RUNPATH_SEARCH_PATHS = (
					"$(inherited)",
					"@executable_path/Frameworks",
					"@loader_path/Frameworks",
				);
				PRODUCT_BUNDLE_IDENTIFIER = "Yusei-Tanaka.LandMarksUITests";
				PRODUCT_NAME = "$(TARGET_NAME)";
				SWIFT_VERSION = 5.0;
				TARGETED_DEVICE_FAMILY = "1,2";
				TEST_TARGET_NAME = LandMarks;
			};
			name = Release;
		};
/* End XCBuildConfiguration section */

/* Begin XCConfigurationList section */
		3391B0CD26F8A02B006CF7C2 /* Build configuration list for PBXProject "LandMarks" */ = {
			isa = XCConfigurationList;
			buildConfigurations = (
				3391B0F526F8A035006CF7C2 /* Debug */,
				3391B0F626F8A035006CF7C2 /* Release */,
			);
			defaultConfigurationIsVisible = 0;
			defaultConfigurationName = Debug;
		};
		3391B0F726F8A035006CF7C2 /* Build configuration list for PBXNativeTarget "LandMarks" */ = {
			isa = XCConfigurationList;
			buildConfigurations = (
				3391B0F826F8A035006CF7C2 /* Debug */,
				3391B0F926F8A035006CF7C2 /* Release */,
			);
			defaultConfigurationIsVisible = 0;
			defaultConfigurationName = Debug;
		};
		3391B0FA26F8A035006CF7C2 /* Build configuration list for PBXNativeTarget "LandMarksTests" */ = {
			isa = XCConfigurationList;
			buildConfigurations = (
				3391B0FB26F8A035006CF7C2 /* Debug */,
				3391B0FC26F8A035006CF7C2 /* Release */,
			);
			defaultConfigurationIsVisible = 0;
			defaultConfigurationName = Debug;
		};
		3391B0FD26F8A035006CF7C2 /* Build configuration list for PBXNativeTarget "LandMarksUITests" */ = {
			isa = XCConfigurationList;
			buildConfigurations = (
				3391B0FE26F8A035006CF7C2 /* Debug */,
				3391B0FF26F8A035006CF7C2 /* Release */,
			);
			defaultConfigurationIsVisible = 0;
			defaultConfigurationName = Debug;
		};
/* End XCConfigurationList section */
	};
	rootObject = 3391B0CA26F8A02B006CF7C2 /* Project object */;
}
